
Microsoft Visual Studio Solution File, Format Version 12.00
# Visual Studio 2012
Project("{FAE04EC0-301F-11D3-BF4B-00C04F79EFBC}") = "NewsApp", "NewsApp\NewsApp.csproj", "{832D8DE8-C912-483D-864E-882DDDDA57FF}"
EndProject
Project("{FAE04EC0-301F-11D3-BF4B-00C04F79EFBC}") = "NewsApp.Tests", "NewsApp.Tests\NewsApp.Tests.csproj", "{704C89DC-152D-4EA6-A71C-CAA78D7EADF6}"
EndProject
Global
	GlobalSection(SolutionConfigurationPlatforms) = preSolution
		Debug|Any CPU = Debug|Any CPU
		Release|Any CPU = Release|Any CPU
	EndGlobalSection
	GlobalSection(ProjectConfigurationPlatforms) = postSolution
		{832D8DE8-C912-483D-864E-882DDDDA57FF}.Debug|Any CPU.ActiveCfg = Debug|Any CPU
		{832D8DE8-C912-483D-864E-882DDDDA57FF}.Debug|Any CPU.Build.0 = Debug|Any CPU
		{832D8DE8-C912-483D-864E-882DDDDA57FF}.Release|Any CPU.ActiveCfg = Release|Any CPU
		{832D8DE8-C912-483D-864E-882DDDDA57FF}.Release|Any CPU.Build.0 = Release|Any CPU
		{704C89DC-152D-4EA6-A71C-CAA78D7EADF6}.Debug|Any CPU.ActiveCfg = Debug|Any CPU
		{704C89DC-152D-4EA6-A71C-CAA78D7EADF6}.Debug|Any CPU.Build.0 = Debug|Any CPU
		{704C89DC-152D-4EA6-A71C-CAA78D7EADF6}.Release|Any CPU.ActiveCfg = Release|Any CPU
		{704C89DC-152D-4EA6-A71C-CAA78D7EADF6}.Release|Any CPU.Build.0 = Release|Any CPU
	EndGlobalSection
	GlobalSection(SolutionProperties) = preSolution
		HideSolutionNode = FALSE
	EndGlobalSection
EndGlobal
